
Microsoft Visual Studio Solution File, Format Version 12.00
# Visual Studio Version 17
VisualStudioVersion = 17.8.34408.163
MinimumVisualStudioVersion = 10.0.40219.1
Project("{FAE04EC0-301F-11D3-BF4B-00C04F79EFBC}") = "WhiteLagoon.Web", "WhiteLagoon.Web\WhiteLagoon.Web.csproj", "{6F2C019F-33D0-4851-BD05-BAC5A025FD34}"
EndProject
Project("{FAE04EC0-301F-11D3-BF4B-00C04F79EFBC}") = "WhiteLagoon.Domain", "WhiteLagoon.Domain\WhiteLagoon.Domain.csproj", "{CBBF778C-9BB2-42AC-A49F-79A928F388F8}"
EndProject
Project("{FAE04EC0-301F-11D3-BF4B-00C04F79EFBC}") = "WhiteLagoon.Application", "WhiteLagoon.Application\WhiteLagoon.Application.csproj", "{61096FE9-6AE3-44E7-A8ED-52AF79AAD7D4}"
EndProject
Project("{FAE04EC0-301F-11D3-BF4B-00C04F79EFBC}") = "WhiteLagoon.Infrastructure", "WhiteLagoon.Infrastructure\WhiteLagoon.Infrastructure.csproj", "{C3CA7ADD-A19F-4F22-A5A8-76004E3DB41B}"
EndProject
Global
	GlobalSection(SolutionConfigurationPlatforms) = preSolution
		Debug|Any CPU = Debug|Any CPU
		Release|Any CPU = Release|Any CPU
	EndGlobalSection
	GlobalSection(ProjectConfigurationPlatforms) = postSolution
		{6F2C019F-33D0-4851-BD05-BAC5A025FD34}.Debug|Any CPU.ActiveCfg = Debug|Any CPU
		{6F2C019F-33D0-4851-BD05-BAC5A025FD34}.Debug|Any CPU.Build.0 = Debug|Any CPU
		{6F2C019F-33D0-4851-BD05-BAC5A025FD34}.Release|Any CPU.ActiveCfg = Release|Any CPU
		{6F2C019F-33D0-4851-BD05-BAC5A025FD34}.Release|Any CPU.Build.0 = Release|Any CPU
		{CBBF778C-9BB2-42AC-A49F-79A928F388F8}.Debug|Any CPU.ActiveCfg = Debug|Any CPU
		{CBBF778C-9BB2-42AC-A49F-79A928F388F8}.Debug|Any CPU.Build.0 = Debug|Any CPU
		{CBBF778C-9BB2-42AC-A49F-79A928F388F8}.Release|Any CPU.ActiveCfg = Release|Any CPU
		{CBBF778C-9BB2-42AC-A49F-79A928F388F8}.Release|Any CPU.Build.0 = Release|Any CPU
		{61096FE9-6AE3-44E7-A8ED-52AF79AAD7D4}.Debug|Any CPU.ActiveCfg = Debug|Any CPU
		{61096FE9-6AE3-44E7-A8ED-52AF79AAD7D4}.Debug|Any CPU.Build.0 = Debug|Any CPU
		{61096FE9-6AE3-44E7-A8ED-52AF79AAD7D4}.Release|Any CPU.ActiveCfg = Release|Any CPU
		{61096FE9-6AE3-44E7-A8ED-52AF79AAD7D4}.Release|Any CPU.Build.0 = Release|Any CPU
		{C3CA7ADD-A19F-4F22-A5A8-76004E3DB41B}.Debug|Any CPU.ActiveCfg = Debug|Any CPU
		{C3CA7ADD-A19F-4F22-A5A8-76004E3DB41B}.Debug|Any CPU.Build.0 = Debug|Any CPU
		{C3CA7ADD-A19F-4F22-A5A8-76004E3DB41B}.Release|Any CPU.ActiveCfg = Release|Any CPU
		{C3CA7ADD-A19F-4F22-A5A8-76004E3DB41B}.Release|Any CPU.Build.0 = Release|Any CPU
	EndGlobalSection
	GlobalSection(SolutionProperties) = preSolution
		HideSolutionNode = FALSE
	EndGlobalSection
	GlobalSection(ExtensibilityGlobals) = postSolution
		SolutionGuid = {43260D4E-6F46-4461-8058-0C3A4996EA3F}
	EndGlobalSection
EndGlobal
